
Microsoft Visual Studio Solution File, Format Version 12.00
# Visual Studio 15
VisualStudioVersion = 15.0.27703.2035
MinimumVisualStudioVersion = 10.0.40219.1
Project("{FAE04EC0-301F-11D3-BF4B-00C04F79EFBC}") = "LinkedListClass", "LinkedListClass\LinkedListClass.csproj", "{9100B881-A2E3-4F10-AA36-73F501605148}"
EndProject
Global
	GlobalSection(SolutionConfigurationPlatforms) = preSolution
		Debug|Any CPU = Debug|Any CPU
		Release|Any CPU = Release|Any CPU
	EndGlobalSection
	GlobalSection(ProjectConfigurationPlatforms) = postSolution
		{9100B881-A2E3-4F10-AA36-73F501605148}.Debug|Any CPU.ActiveCfg = Debug|Any CPU
		{9100B881-A2E3-4F10-AA36-73F501605148}.Debug|Any CPU.Build.0 = Debug|Any CPU
		{9100B881-A2E3-4F10-AA36-73F501605148}.Release|Any CPU.ActiveCfg = Release|Any CPU
		{9100B881-A2E3-4F10-AA36-73F501605148}.Release|Any CPU.Build.0 = Release|Any CPU
	EndGlobalSection
	GlobalSection(SolutionProperties) = preSolution
		HideSolutionNode = FALSE
	EndGlobalSection
	GlobalSection(ExtensibilityGlobals) = postSolution
		SolutionGuid = {059D8CE3-3021-46E4-9003-5C16AB03E1F1}
	EndGlobalSection
EndGlobal
