
Microsoft Visual Studio Solution File, Format Version 12.00
# Visual Studio 15
VisualStudioVersion = 15.0.27703.2035
MinimumVisualStudioVersion = 10.0.40219.1
Project("{FAE04EC0-301F-11D3-BF4B-00C04F79EFBC}") = "Fib_Value_Per_Indice", "Fib_Value_Per_Indice\Fib_Value_Per_Indice.csproj", "{19A25C0F-941B-434A-A37C-69AEC0BD21C6}"
EndProject
Global
	GlobalSection(SolutionConfigurationPlatforms) = preSolution
		Debug|Any CPU = Debug|Any CPU
		Release|Any CPU = Release|Any CPU
	EndGlobalSection
	GlobalSection(ProjectConfigurationPlatforms) = postSolution
		{19A25C0F-941B-434A-A37C-69AEC0BD21C6}.Debug|Any CPU.ActiveCfg = Debug|Any CPU
		{19A25C0F-941B-434A-A37C-69AEC0BD21C6}.Debug|Any CPU.Build.0 = Debug|Any CPU
		{19A25C0F-941B-434A-A37C-69AEC0BD21C6}.Release|Any CPU.ActiveCfg = Release|Any CPU
		{19A25C0F-941B-434A-A37C-69AEC0BD21C6}.Release|Any CPU.Build.0 = Release|Any CPU
	EndGlobalSection
	GlobalSection(SolutionProperties) = preSolution
		HideSolutionNode = FALSE
	EndGlobalSection
	GlobalSection(ExtensibilityGlobals) = postSolution
		SolutionGuid = {9B2A7093-8DE5-44A1-9185-2D66910EECD9}
	EndGlobalSection
EndGlobal
