
Microsoft Visual Studio Solution File, Format Version 12.00
# Visual Studio 15
VisualStudioVersion = 15.0.28010.2016
MinimumVisualStudioVersion = 10.0.40219.1
Project("{FAE04EC0-301F-11D3-BF4B-00C04F79EFBC}") = "MinValue_In_Stack", "MinValue_In_Stack\MinValue_In_Stack.csproj", "{0D464020-F006-4255-9980-03FECE343987}"
EndProject
Global
	GlobalSection(SolutionConfigurationPlatforms) = preSolution
		Debug|Any CPU = Debug|Any CPU
		Release|Any CPU = Release|Any CPU
	EndGlobalSection
	GlobalSection(ProjectConfigurationPlatforms) = postSolution
		{0D464020-F006-4255-9980-03FECE343987}.Debug|Any CPU.ActiveCfg = Debug|Any CPU
		{0D464020-F006-4255-9980-03FECE343987}.Debug|Any CPU.Build.0 = Debug|Any CPU
		{0D464020-F006-4255-9980-03FECE343987}.Release|Any CPU.ActiveCfg = Release|Any CPU
		{0D464020-F006-4255-9980-03FECE343987}.Release|Any CPU.Build.0 = Release|Any CPU
	EndGlobalSection
	GlobalSection(SolutionProperties) = preSolution
		HideSolutionNode = FALSE
	EndGlobalSection
	GlobalSection(ExtensibilityGlobals) = postSolution
		SolutionGuid = {4561F2EE-CD49-4C1A-B1FA-3E301EFAD7A3}
	EndGlobalSection
EndGlobal
