
Microsoft Visual Studio Solution File, Format Version 12.00
# Visual Studio 15
VisualStudioVersion = 15.0.28010.2016
MinimumVisualStudioVersion = 10.0.40219.1
Project("{FAE04EC0-301F-11D3-BF4B-00C04F79EFBC}") = "LinearSearch", "LinearSearch\LinearSearch.csproj", "{E22895AD-6786-40B4-93BE-CE03AC841341}"
EndProject
Global
	GlobalSection(SolutionConfigurationPlatforms) = preSolution
		Debug|Any CPU = Debug|Any CPU
		Release|Any CPU = Release|Any CPU
	EndGlobalSection
	GlobalSection(ProjectConfigurationPlatforms) = postSolution
		{E22895AD-6786-40B4-93BE-CE03AC841341}.Debug|Any CPU.ActiveCfg = Debug|Any CPU
		{E22895AD-6786-40B4-93BE-CE03AC841341}.Debug|Any CPU.Build.0 = Debug|Any CPU
		{E22895AD-6786-40B4-93BE-CE03AC841341}.Release|Any CPU.ActiveCfg = Release|Any CPU
		{E22895AD-6786-40B4-93BE-CE03AC841341}.Release|Any CPU.Build.0 = Release|Any CPU
	EndGlobalSection
	GlobalSection(SolutionProperties) = preSolution
		HideSolutionNode = FALSE
	EndGlobalSection
	GlobalSection(ExtensibilityGlobals) = postSolution
		SolutionGuid = {8545DF99-A56F-420F-8D48-029CF2BF8CF0}
	EndGlobalSection
EndGlobal
