
Microsoft Visual Studio Solution File, Format Version 12.00
# Visual Studio 15
VisualStudioVersion = 15.0.27703.2035
MinimumVisualStudioVersion = 10.0.40219.1
Project("{FAE04EC0-301F-11D3-BF4B-00C04F79EFBC}") = "ReplaceWhiteSpace", "ReplaceWhiteSpace\ReplaceWhiteSpace.csproj", "{9B893D4A-AD15-4C30-A5D2-EA69D40E2BC7}"
EndProject
Global
	GlobalSection(SolutionConfigurationPlatforms) = preSolution
		Debug|Any CPU = Debug|Any CPU
		Release|Any CPU = Release|Any CPU
	EndGlobalSection
	GlobalSection(ProjectConfigurationPlatforms) = postSolution
		{9B893D4A-AD15-4C30-A5D2-EA69D40E2BC7}.Debug|Any CPU.ActiveCfg = Debug|Any CPU
		{9B893D4A-AD15-4C30-A5D2-EA69D40E2BC7}.Debug|Any CPU.Build.0 = Debug|Any CPU
		{9B893D4A-AD15-4C30-A5D2-EA69D40E2BC7}.Release|Any CPU.ActiveCfg = Release|Any CPU
		{9B893D4A-AD15-4C30-A5D2-EA69D40E2BC7}.Release|Any CPU.Build.0 = Release|Any CPU
	EndGlobalSection
	GlobalSection(SolutionProperties) = preSolution
		HideSolutionNode = FALSE
	EndGlobalSection
	GlobalSection(ExtensibilityGlobals) = postSolution
		SolutionGuid = {3F1A932A-9CC9-4932-90AF-97DC9AE2389B}
	EndGlobalSection
EndGlobal
