
Microsoft Visual Studio Solution File, Format Version 12.00
# Visual Studio 15
VisualStudioVersion = 15.0.28010.2016
MinimumVisualStudioVersion = 10.0.40219.1
Project("{FAE04EC0-301F-11D3-BF4B-00C04F79EFBC}") = "StringSpaces", "StringSpaces\StringSpaces.csproj", "{4CADE93B-0798-490A-B4A2-92D6404D9100}"
EndProject
Global
	GlobalSection(SolutionConfigurationPlatforms) = preSolution
		Debug|Any CPU = Debug|Any CPU
		Release|Any CPU = Release|Any CPU
	EndGlobalSection
	GlobalSection(ProjectConfigurationPlatforms) = postSolution
		{4CADE93B-0798-490A-B4A2-92D6404D9100}.Debug|Any CPU.ActiveCfg = Debug|Any CPU
		{4CADE93B-0798-490A-B4A2-92D6404D9100}.Debug|Any CPU.Build.0 = Debug|Any CPU
		{4CADE93B-0798-490A-B4A2-92D6404D9100}.Release|Any CPU.ActiveCfg = Release|Any CPU
		{4CADE93B-0798-490A-B4A2-92D6404D9100}.Release|Any CPU.Build.0 = Release|Any CPU
	EndGlobalSection
	GlobalSection(SolutionProperties) = preSolution
		HideSolutionNode = FALSE
	EndGlobalSection
	GlobalSection(ExtensibilityGlobals) = postSolution
		SolutionGuid = {CCE43706-F131-452E-9B94-A86359A530B8}
	EndGlobalSection
EndGlobal
