
Microsoft Visual Studio Solution File, Format Version 12.00
# Visual Studio 15
VisualStudioVersion = 15.0.27703.2035
MinimumVisualStudioVersion = 10.0.40219.1
Project("{FAE04EC0-301F-11D3-BF4B-00C04F79EFBC}") = "BinarySearch", "BinarySearch\BinarySearch.csproj", "{8CC35DA4-4A66-4B30-B41E-5C23F955A2DE}"
EndProject
Global
	GlobalSection(SolutionConfigurationPlatforms) = preSolution
		Debug|Any CPU = Debug|Any CPU
		Release|Any CPU = Release|Any CPU
	EndGlobalSection
	GlobalSection(ProjectConfigurationPlatforms) = postSolution
		{8CC35DA4-4A66-4B30-B41E-5C23F955A2DE}.Debug|Any CPU.ActiveCfg = Debug|Any CPU
		{8CC35DA4-4A66-4B30-B41E-5C23F955A2DE}.Debug|Any CPU.Build.0 = Debug|Any CPU
		{8CC35DA4-4A66-4B30-B41E-5C23F955A2DE}.Release|Any CPU.ActiveCfg = Release|Any CPU
		{8CC35DA4-4A66-4B30-B41E-5C23F955A2DE}.Release|Any CPU.Build.0 = Release|Any CPU
	EndGlobalSection
	GlobalSection(SolutionProperties) = preSolution
		HideSolutionNode = FALSE
	EndGlobalSection
	GlobalSection(ExtensibilityGlobals) = postSolution
		SolutionGuid = {825F35A3-224E-4864-ABE2-DB2E5EFD7A45}
	EndGlobalSection
EndGlobal
